// !$*UTF8*$!
{
	archiveVersion = 1;
	classes = {
	};
	objectVersion = 50;
	objects = {

/* Begin PBXBuildFile section */
		DA87FBF82679D7C500E6D32D /* Tests_iOS.swift in Sources */ = {isa = PBXBuildFile; fileRef = DA87FBF72679D7C500E6D32D /* Tests_iOS.swift */; };
		DA87FC032679D7C500E6D32D /* Tests_macOS.swift in Sources */ = {isa = PBXBuildFile; fileRef = DA87FC022679D7C500E6D32D /* Tests_macOS.swift */; };
		DA87FC052679D7C500E6D32D /* Net_ToolsApp.swift in Sources */ = {isa = PBXBuildFile; fileRef = DA87FBDC2679D7C400E6D32D /* Net_ToolsApp.swift */; };
		DA87FC062679D7C500E6D32D /* Net_ToolsApp.swift in Sources */ = {isa = PBXBuildFile; fileRef = DA87FBDC2679D7C400E6D32D /* Net_ToolsApp.swift */; };
		DA87FC072679D7C500E6D32D /* ContentView.swift in Sources */ = {isa = PBXBuildFile; fileRef = DA87FBDD2679D7C400E6D32D /* ContentView.swift */; };
		DA87FC082679D7C500E6D32D /* ContentView.swift in Sources */ = {isa = PBXBuildFile; fileRef = DA87FBDD2679D7C400E6D32D /* ContentView.swift */; };
		DA87FC092679D7C500E6D32D /* Assets.xcassets in Resources */ = {isa = PBXBuildFile; fileRef = DA87FBDE2679D7C500E6D32D /* Assets.xcassets */; };
		DA87FC0A2679D7C500E6D32D /* Assets.xcassets in Resources */ = {isa = PBXBuildFile; fileRef = DA87FBDE2679D7C500E6D32D /* Assets.xcassets */; };
		DA87FC1A2679DF7E00E6D32D /* SendView.swift in Sources */ = {isa = PBXBuildFile; fileRef = DA87FC192679DF7E00E6D32D /* SendView.swift */; };
		DA87FC1B2679DF7E00E6D32D /* SendView.swift in Sources */ = {isa = PBXBuildFile; fileRef = DA87FC192679DF7E00E6D32D /* SendView.swift */; };
		DA87FC1D2679E00B00E6D32D /* ReceiveView.swift in Sources */ = {isa = PBXBuildFile; fileRef = DA87FC1C2679E00B00E6D32D /* ReceiveView.swift */; };
		DA87FC1E2679E00B00E6D32D /* ReceiveView.swift in Sources */ = {isa = PBXBuildFile; fileRef = DA87FC1C2679E00B00E6D32D /* ReceiveView.swift */; };
		DA87FC202679E03000E6D32D /* ProxyView.swift in Sources */ = {isa = PBXBuildFile; fileRef = DA87FC1F2679E03000E6D32D /* ProxyView.swift */; };
		DA87FC212679E03000E6D32D /* ProxyView.swift in Sources */ = {isa = PBXBuildFile; fileRef = DA87FC1F2679E03000E6D32D /* ProxyView.swift */; };
/* End PBXBuildFile section */

/* Begin PBXContainerItemProxy section */
		DA87FBF42679D7C500E6D32D /* PBXContainerItemProxy */ = {
			isa = PBXContainerItemProxy;
			containerPortal = DA87FBD72679D7C400E6D32D /* Project object */;
			proxyType = 1;
			remoteGlobalIDString = DA87FBE22679D7C500E6D32D;
			remoteInfo = "Net Tools (iOS)";
		};
		DA87FBFF2679D7C500E6D32D /* PBXContainerItemProxy */ = {
			isa = PBXContainerItemProxy;
			containerPortal = DA87FBD72679D7C400E6D32D /* Project object */;
			proxyType = 1;
			remoteGlobalIDString = DA87FBEA2679D7C500E6D32D;
			remoteInfo = "Net Tools (macOS)";
		};
/* End PBXContainerItemProxy section */

/* Begin PBXFileReference section */
		DA87FBDC2679D7C400E6D32D /* Net_ToolsApp.swift */ = {isa = PBXFileReference; lastKnownFileType = sourcecode.swift; path = Net_ToolsApp.swift; sourceTree = "<group>"; };
		DA87FBDD2679D7C400E6D32D /* ContentView.swift */ = {isa = PBXFileReference; lastKnownFileType = sourcecode.swift; path = ContentView.swift; sourceTree = "<group>"; };
		DA87FBDE2679D7C500E6D32D /* Assets.xcassets */ = {isa = PBXFileReference; lastKnownFileType = folder.assetcatalog; path = Assets.xcassets; sourceTree = "<group>"; };
		DA87FBE32679D7C500E6D32D /* Net Tools.app */ = {isa = PBXFileReference; explicitFileType = wrapper.application; includeInIndex = 0; path = "Net Tools.app"; sourceTree = BUILT_PRODUCTS_DIR; };
		DA87FBE62679D7C500E6D32D /* Info.plist */ = {isa = PBXFileReference; lastKnownFileType = text.plist.xml; path = Info.plist; sourceTree = "<group>"; };
		DA87FBEB2679D7C500E6D32D /* Net Tools.app */ = {isa = PBXFileReference; explicitFileType = wrapper.application; includeInIndex = 0; path = "Net Tools.app"; sourceTree = BUILT_PRODUCTS_DIR; };
		DA87FBED2679D7C500E6D32D /* Info.plist */ = {isa = PBXFileReference; lastKnownFileType = text.plist.xml; path = Info.plist; sourceTree = "<group>"; };
		DA87FBEE2679D7C500E6D32D /* macOS.entitlements */ = {isa = PBXFileReference; lastKnownFileType = text.plist.entitlements; path = macOS.entitlements; sourceTree = "<group>"; };
		DA87FBF32679D7C500E6D32D /* Tests iOS.xctest */ = {isa = PBXFileReference; explicitFileType = wrapper.cfbundle; includeInIndex = 0; path = "Tests iOS.xctest"; sourceTree = BUILT_PRODUCTS_DIR; };
		DA87FBF72679D7C500E6D32D /* Tests_iOS.swift */ = {isa = PBXFileReference; lastKnownFileType = sourcecode.swift; path = Tests_iOS.swift; sourceTree = "<group>"; };
		DA87FBF92679D7C500E6D32D /* Info.plist */ = {isa = PBXFileReference; lastKnownFileType = text.plist.xml; path = Info.plist; sourceTree = "<group>"; };
		DA87FBFE2679D7C500E6D32D /* Tests macOS.xctest */ = {isa = PBXFileReference; explicitFileType = wrapper.cfbundle; includeInIndex = 0; path = "Tests macOS.xctest"; sourceTree = BUILT_PRODUCTS_DIR; };
		DA87FC022679D7C500E6D32D /* Tests_macOS.swift */ = {isa = PBXFileReference; lastKnownFileType = sourcecode.swift; path = Tests_macOS.swift; sourceTree = "<group>"; };
		DA87FC042679D7C500E6D32D /* Info.plist */ = {isa = PBXFileReference; lastKnownFileType = text.plist.xml; path = Info.plist; sourceTree = "<group>"; };
		DA87FC192679DF7E00E6D32D /* SendView.swift */ = {isa = PBXFileReference; lastKnownFileType = sourcecode.swift; path = SendView.swift; sourceTree = "<group>"; };
		DA87FC1C2679E00B00E6D32D /* ReceiveView.swift */ = {isa = PBXFileReference; lastKnownFileType = sourcecode.swift; path = ReceiveView.swift; sourceTree = "<group>"; };
		DA87FC1F2679E03000E6D32D /* ProxyView.swift */ = {isa = PBXFileReference; lastKnownFileType = sourcecode.swift; path = ProxyView.swift; sourceTree = "<group>"; };
/* End PBXFileReference section */

/* Begin PBXFrameworksBuildPhase section */
		DA87FBE02679D7C500E6D32D /* Frameworks */ = {
			isa = PBXFrameworksBuildPhase;
			buildActionMask = 2147483647;
			files = (
			);
			runOnlyForDeploymentPostprocessing = 0;
		};
		DA87FBE82679D7C500E6D32D /* Frameworks */ = {
			isa = PBXFrameworksBuildPhase;
			buildActionMask = 2147483647;
			files = (
			);
			runOnlyForDeploymentPostprocessing = 0;
		};
		DA87FBF02679D7C500E6D32D /* Frameworks */ = {
			isa = PBXFrameworksBuildPhase;
			buildActionMask = 2147483647;
			files = (
			);
			runOnlyForDeploymentPostprocessing = 0;
		};
		DA87FBFB2679D7C500E6D32D /* Frameworks */ = {
			isa = PBXFrameworksBuildPhase;
			buildActionMask = 2147483647;
			files = (
			);
			runOnlyForDeploymentPostprocessing = 0;
		};
/* End PBXFrameworksBuildPhase section */

/* Begin PBXGroup section */
		DA87FBD62679D7C400E6D32D = {
			isa = PBXGroup;
			children = (
				DA87FBDB2679D7C400E6D32D /* Shared */,
				DA87FBE52679D7C500E6D32D /* iOS */,
				DA87FBEC2679D7C500E6D32D /* macOS */,
				DA87FBF62679D7C500E6D32D /* Tests iOS */,
				DA87FC012679D7C500E6D32D /* Tests macOS */,
				DA87FBE42679D7C500E6D32D /* Products */,
			);
			sourceTree = "<group>";
		};
		DA87FBDB2679D7C400E6D32D /* Shared */ = {
			isa = PBXGroup;
			children = (
				DA87FBDC2679D7C400E6D32D /* Net_ToolsApp.swift */,
				DA87FBDD2679D7C400E6D32D /* ContentView.swift */,
				DA87FBDE2679D7C500E6D32D /* Assets.xcassets */,
				DA87FC192679DF7E00E6D32D /* SendView.swift */,
				DA87FC1C2679E00B00E6D32D /* ReceiveView.swift */,
				DA87FC1F2679E03000E6D32D /* ProxyView.swift */,
			);
			path = Shared;
			sourceTree = "<group>";
		};
		DA87FBE42679D7C500E6D32D /* Products */ = {
			isa = PBXGroup;
			children = (
				DA87FBE32679D7C500E6D32D /* Net Tools.app */,
				DA87FBEB2679D7C500E6D32D /* Net Tools.app */,
				DA87FBF32679D7C500E6D32D /* Tests iOS.xctest */,
				DA87FBFE2679D7C500E6D32D /* Tests macOS.xctest */,
			);
			name = Products;
			sourceTree = "<group>";
		};
		DA87FBE52679D7C500E6D32D /* iOS */ = {
			isa = PBXGroup;
			children = (
				DA87FBE62679D7C500E6D32D /* Info.plist */,
			);
			path = iOS;
			sourceTree = "<group>";
		};
		DA87FBEC2679D7C500E6D32D /* macOS */ = {
			isa = PBXGroup;
			children = (
				DA87FBED2679D7C500E6D32D /* Info.plist */,
				DA87FBEE2679D7C500E6D32D /* macOS.entitlements */,
			);
			path = macOS;
			sourceTree = "<group>";
		};
		DA87FBF62679D7C500E6D32D /* Tests iOS */ = {
			isa = PBXGroup;
			children = (
				DA87FBF72679D7C500E6D32D /* Tests_iOS.swift */,
				DA87FBF92679D7C500E6D32D /* Info.plist */,
			);
			path = "Tests iOS";
			sourceTree = "<group>";
		};
		DA87FC012679D7C500E6D32D /* Tests macOS */ = {
			isa = PBXGroup;
			children = (
				DA87FC022679D7C500E6D32D /* Tests_macOS.swift */,
				DA87FC042679D7C500E6D32D /* Info.plist */,
			);
			path = "Tests macOS";
			sourceTree = "<group>";
		};
/* End PBXGroup section */

/* Begin PBXNativeTarget section */
		DA87FBE22679D7C500E6D32D /* Net Tools (iOS) */ = {
			isa = PBXNativeTarget;
			buildConfigurationList = DA87FC0D2679D7C500E6D32D /* Build configuration list for PBXNativeTarget "Net Tools (iOS)" */;
			buildPhases = (
				DA87FBDF2679D7C500E6D32D /* Sources */,
				DA87FBE02679D7C500E6D32D /* Frameworks */,
				DA87FBE12679D7C500E6D32D /* Resources */,
			);
			buildRules = (
			);
			dependencies = (
			);
			name = "Net Tools (iOS)";
			productName = "Net Tools (iOS)";
			productReference = DA87FBE32679D7C500E6D32D /* Net Tools.app */;
			productType = "com.apple.product-type.application";
		};
		DA87FBEA2679D7C500E6D32D /* Net Tools (macOS) */ = {
			isa = PBXNativeTarget;
			buildConfigurationList = DA87FC102679D7C500E6D32D /* Build configuration list for PBXNativeTarget "Net Tools (macOS)" */;
			buildPhases = (
				DA87FBE72679D7C500E6D32D /* Sources */,
				DA87FBE82679D7C500E6D32D /* Frameworks */,
				DA87FBE92679D7C500E6D32D /* Resources */,
			);
			buildRules = (
			);
			dependencies = (
			);
			name = "Net Tools (macOS)";
			productName = "Net Tools (macOS)";
			productReference = DA87FBEB2679D7C500E6D32D /* Net Tools.app */;
			productType = "com.apple.product-type.application";
		};
		DA87FBF22679D7C500E6D32D /* Tests iOS */ = {
			isa = PBXNativeTarget;
			buildConfigurationList = DA87FC132679D7C500E6D32D /* Build configuration list for PBXNativeTarget "Tests iOS" */;
			buildPhases = (
				DA87FBEF2679D7C500E6D32D /* Sources */,
				DA87FBF02679D7C500E6D32D /* Frameworks */,
				DA87FBF12679D7C500E6D32D /* Resources */,
			);
			buildRules = (
			);
			dependencies = (
				DA87FBF52679D7C500E6D32D /* PBXTargetDependency */,
			);
			name = "Tests iOS";
			productName = "Tests iOS";
			productReference = DA87FBF32679D7C500E6D32D /* Tests iOS.xctest */;
			productType = "com.apple.product-type.bundle.ui-testing";
		};
		DA87FBFD2679D7C500E6D32D /* Tests macOS */ = {
			isa = PBXNativeTarget;
			buildConfigurationList = DA87FC162679D7C500E6D32D /* Build configuration list for PBXNativeTarget "Tests macOS" */;
			buildPhases = (
				DA87FBFA2679D7C500E6D32D /* Sources */,
				DA87FBFB2679D7C500E6D32D /* Frameworks */,
				DA87FBFC2679D7C500E6D32D /* Resources */,
			);
			buildRules = (
			);
			dependencies = (
				DA87FC002679D7C500E6D32D /* PBXTargetDependency */,
			);
			name = "Tests macOS";
			productName = "Tests macOS";
			productReference = DA87FBFE2679D7C500E6D32D /* Tests macOS.xctest */;
			productType = "com.apple.product-type.bundle.ui-testing";
		};
/* End PBXNativeTarget section */

/* Begin PBXProject section */
		DA87FBD72679D7C400E6D32D /* Project object */ = {
			isa = PBXProject;
			attributes = {
				LastSwiftUpdateCheck = 1250;
				LastUpgradeCheck = 1250;
				TargetAttributes = {
					DA87FBE22679D7C500E6D32D = {
						CreatedOnToolsVersion = 12.5;
					};
					DA87FBEA2679D7C500E6D32D = {
						CreatedOnToolsVersion = 12.5;
					};
					DA87FBF22679D7C500E6D32D = {
						CreatedOnToolsVersion = 12.5;
						TestTargetID = DA87FBE22679D7C500E6D32D;
					};
					DA87FBFD2679D7C500E6D32D = {
						CreatedOnToolsVersion = 12.5;
						TestTargetID = DA87FBEA2679D7C500E6D32D;
					};
				};
			};
			buildConfigurationList = DA87FBDA2679D7C400E6D32D /* Build configuration list for PBXProject "Net Tools" */;
			compatibilityVersion = "Xcode 9.3";
			developmentRegion = en;
			hasScannedForEncodings = 0;
			knownRegions = (
				en,
				Base,
			);
			mainGroup = DA87FBD62679D7C400E6D32D;
			productRefGroup = DA87FBE42679D7C500E6D32D /* Products */;
			projectDirPath = "";
			projectRoot = "";
			targets = (
				DA87FBE22679D7C500E6D32D /* Net Tools (iOS) */,
				DA87FBEA2679D7C500E6D32D /* Net Tools (macOS) */,
				DA87FBF22679D7C500E6D32D /* Tests iOS */,
				DA87FBFD2679D7C500E6D32D /* Tests macOS */,
			);
		};
/* End PBXProject section */

/* Begin PBXResourcesBuildPhase section */
		DA87FBE12679D7C500E6D32D /* Resources */ = {
			isa = PBXResourcesBuildPhase;
			buildActionMask = 2147483647;
			files = (
				DA87FC092679D7C500E6D32D /* Assets.xcassets in Resources */,
			);
			runOnlyForDeploymentPostprocessing = 0;
		};
		DA87FBE92679D7C500E6D32D /* Resources */ = {
			isa = PBXResourcesBuildPhase;
			buildActionMask = 2147483647;
			files = (
				DA87FC0A2679D7C500E6D32D /* Assets.xcassets in Resources */,
			);
			runOnlyForDeploymentPostprocessing = 0;
		};
		DA87FBF12679D7C500E6D32D /* Resources */ = {
			isa = PBXResourcesBuildPhase;
			buildActionMask = 2147483647;
			files = (
			);
			runOnlyForDeploymentPostprocessing = 0;
		};
		DA87FBFC2679D7C500E6D32D /* Resources */ = {
			isa = PBXResourcesBuildPhase;
			buildActionMask = 2147483647;
			files = (
			);
			runOnlyForDeploymentPostprocessing = 0;
		};
/* End PBXResourcesBuildPhase section */

/* Begin PBXSourcesBuildPhase section */
		DA87FBDF2679D7C500E6D32D /* Sources */ = {
			isa = PBXSourcesBuildPhase;
			buildActionMask = 2147483647;
			files = (
				DA87FC072679D7C500E6D32D /* ContentView.swift in Sources */,
				DA87FC052679D7C500E6D32D /* Net_ToolsApp.swift in Sources */,
				DA87FC1D2679E00B00E6D32D /* ReceiveView.swift in Sources */,
				DA87FC1A2679DF7E00E6D32D /* SendView.swift in Sources */,
				DA87FC202679E03000E6D32D /* ProxyView.swift in Sources */,
			);
			runOnlyForDeploymentPostprocessing = 0;
		};
		DA87FBE72679D7C500E6D32D /* Sources */ = {
			isa = PBXSourcesBuildPhase;
			buildActionMask = 2147483647;
			files = (
				DA87FC082679D7C500E6D32D /* ContentView.swift in Sources */,
				DA87FC062679D7C500E6D32D /* Net_ToolsApp.swift in Sources */,
				DA87FC1E2679E00B00E6D32D /* ReceiveView.swift in Sources */,
				DA87FC1B2679DF7E00E6D32D /* SendView.swift in Sources */,
				DA87FC212679E03000E6D32D /* ProxyView.swift in Sources */,
			);
			runOnlyForDeploymentPostprocessing = 0;
		};
		DA87FBEF2679D7C500E6D32D /* Sources */ = {
			isa = PBXSourcesBuildPhase;
			buildActionMask = 2147483647;
			files = (
				DA87FBF82679D7C500E6D32D /* Tests_iOS.swift in Sources */,
			);
			runOnlyForDeploymentPostprocessing = 0;
		};
		DA87FBFA2679D7C500E6D32D /* Sources */ = {
			isa = PBXSourcesBuildPhase;
			buildActionMask = 2147483647;
			files = (
				DA87FC032679D7C500E6D32D /* Tests_macOS.swift in Sources */,
			);
			runOnlyForDeploymentPostprocessing = 0;
		};
/* End PBXSourcesBuildPhase section */

/* Begin PBXTargetDependency section */
		DA87FBF52679D7C500E6D32D /* PBXTargetDependency */ = {
			isa = PBXTargetDependency;
			target = DA87FBE22679D7C500E6D32D /* Net Tools (iOS) */;
			targetProxy = DA87FBF42679D7C500E6D32D /* PBXContainerItemProxy */;
		};
		DA87FC002679D7C500E6D32D /* PBXTargetDependency */ = {
			isa = PBXTargetDependency;
			target = DA87FBEA2679D7C500E6D32D /* Net Tools (macOS) */;
			targetProxy = DA87FBFF2679D7C500E6D32D /* PBXContainerItemProxy */;
		};
/* End PBXTargetDependency section */

/* Begin XCBuildConfiguration section */
		DA87FC0B2679D7C500E6D32D /* Debug */ = {
			isa = XCBuildConfiguration;
			buildSettings = {
				ALWAYS_SEARCH_USER_PATHS = NO;
				CLANG_ANALYZER_NONNULL = YES;
				CLANG_ANALYZER_NUMBER_OBJECT_CONVERSION = YES_AGGRESSIVE;
				CLANG_CXX_LANGUAGE_STANDARD = "gnu++14";
				CLANG_CXX_LIBRARY = "libc++";
				CLANG_ENABLE_MODULES = YES;
				CLANG_ENABLE_OBJC_ARC = YES;
				CLANG_ENABLE_OBJC_WEAK = YES;
				CLANG_WARN_BLOCK_CAPTURE_AUTORELEASING = YES;
				CLANG_WARN_BOOL_CONVERSION = YES;
				CLANG_WARN_COMMA = YES;
				CLANG_WARN_CONSTANT_CONVERSION = YES;
				CLANG_WARN_DEPRECATED_OBJC_IMPLEMENTATIONS = YES;
				CLANG_WARN_DIRECT_OBJC_ISA_USAGE = YES_ERROR;
				CLANG_WARN_DOCUMENTATION_COMMENTS = YES;
				CLANG_WARN_EMPTY_BODY = YES;
				CLANG_WARN_ENUM_CONVERSION = YES;
				CLANG_WARN_INFINITE_RECURSION = YES;
				CLANG_WARN_INT_CONVERSION = YES;
				CLANG_WARN_NON_LITERAL_NULL_CONVERSION = YES;
				CLANG_WARN_OBJC_IMPLICIT_RETAIN_SELF = YES;
				CLANG_WARN_OBJC_LITERAL_CONVERSION = YES;
				CLANG_WARN_OBJC_ROOT_CLASS = YES_ERROR;
				CLANG_WARN_QUOTED_INCLUDE_IN_FRAMEWORK_HEADER = YES;
				CLANG_WARN_RANGE_LOOP_ANALYSIS = YES;
				CLANG_WARN_STRICT_PROTOTYPES = YES;
				CLANG_WARN_SUSPICIOUS_MOVE = YES;
				CLANG_WARN_UNGUARDED_AVAILABILITY = YES_AGGRESSIVE;
				CLANG_WARN_UNREACHABLE_CODE = YES;
				CLANG_WARN__DUPLICATE_METHOD_MATCH = YES;
				COPY_PHASE_STRIP = NO;
				DEBUG_INFORMATION_FORMAT = dwarf;
				ENABLE_STRICT_OBJC_MSGSEND = YES;
				ENABLE_TESTABILITY = YES;
				GCC_C_LANGUAGE_STANDARD = gnu11;
				GCC_DYNAMIC_NO_PIC = NO;
				GCC_NO_COMMON_BLOCKS = YES;
				GCC_OPTIMIZATION_LEVEL = 0;
				GCC_PREPROCESSOR_DEFINITIONS = (
					"DEBUG=1",
					"$(inherited)",
				);
				GCC_WARN_64_TO_32_BIT_CONVERSION = YES;
				GCC_WARN_ABOUT_RETURN_TYPE = YES_ERROR;
				GCC_WARN_UNDECLARED_SELECTOR = YES;
				GCC_WARN_UNINITIALIZED_AUTOS = YES_AGGRESSIVE;
				GCC_WARN_UNUSED_FUNCTION = YES;
				GCC_WARN_UNUSED_VARIABLE = YES;
				MTL_ENABLE_DEBUG_INFO = INCLUDE_SOURCE;
				MTL_FAST_MATH = YES;
				ONLY_ACTIVE_ARCH = YES;
				SWIFT_ACTIVE_COMPILATION_CONDITIONS = DEBUG;
				SWIFT_OPTIMIZATION_LEVEL = "-Onone";
			};
			name = Debug;
		};
		DA87FC0C2679D7C500E6D32D /* Release */ = {
			isa = XCBuildConfiguration;
			buildSettings = {
				ALWAYS_SEARCH_USER_PATHS = NO;
				CLANG_ANALYZER_NONNULL = YES;
				CLANG_ANALYZER_NUMBER_OBJECT_CONVERSION = YES_AGGRESSIVE;
				CLANG_CXX_LANGUAGE_STANDARD = "gnu++14";
				CLANG_CXX_LIBRARY = "libc++";
				CLANG_ENABLE_MODULES = YES;
				CLANG_ENABLE_OBJC_ARC = YES;
				CLANG_ENABLE_OBJC_WEAK = YES;
				CLANG_WARN_BLOCK_CAPTURE_AUTORELEASING = YES;
				CLANG_WARN_BOOL_CONVERSION = YES;
				CLANG_WARN_COMMA = YES;
				CLANG_WARN_CONSTANT_CONVERSION = YES;
				CLANG_WARN_DEPRECATED_OBJC_IMPLEMENTATIONS = YES;
				CLANG_WARN_DIRECT_OBJC_ISA_USAGE = YES_ERROR;
				CLANG_WARN_DOCUMENTATION_COMMENTS = YES;
				CLANG_WARN_EMPTY_BODY = YES;
				CLANG_WARN_ENUM_CONVERSION = YES;
				CLANG_WARN_INFINITE_RECURSION = YES;
				CLANG_WARN_INT_CONVERSION = YES;
				CLANG_WARN_NON_LITERAL_NULL_CONVERSION = YES;
				CLANG_WARN_OBJC_IMPLICIT_RETAIN_SELF = YES;
				CLANG_WARN_OBJC_LITERAL_CONVERSION = YES;
				CLANG_WARN_OBJC_ROOT_CLASS = YES_ERROR;
				CLANG_WARN_QUOTED_INCLUDE_IN_FRAMEWORK_HEADER = YES;
				CLANG_WARN_RANGE_LOOP_ANALYSIS = YES;
				CLANG_WARN_STRICT_PROTOTYPES = YES;
				CLANG_WARN_SUSPICIOUS_MOVE = YES;
				CLANG_WARN_UNGUARDED_AVAILABILITY = YES_AGGRESSIVE;
				CLANG_WARN_UNREACHABLE_CODE = YES;
				CLANG_WARN__DUPLICATE_METHOD_MATCH = YES;
				COPY_PHASE_STRIP = NO;
				DEBUG_INFORMATION_FORMAT = "dwarf-with-dsym";
				ENABLE_NS_ASSERTIONS = NO;
				ENABLE_STRICT_OBJC_MSGSEND = YES;
				GCC_C_LANGUAGE_STANDARD = gnu11;
				GCC_NO_COMMON_BLOCKS = YES;
				GCC_WARN_64_TO_32_BIT_CONVERSION = YES;
				GCC_WARN_ABOUT_RETURN_TYPE = YES_ERROR;
				GCC_WARN_UNDECLARED_SELECTOR = YES;
				GCC_WARN_UNINITIALIZED_AUTOS = YES_AGGRESSIVE;
				GCC_WARN_UNUSED_FUNCTION = YES;
				GCC_WARN_UNUSED_VARIABLE = YES;
				MTL_ENABLE_DEBUG_INFO = NO;
				MTL_FAST_MATH = YES;
				SWIFT_COMPILATION_MODE = wholemodule;
				SWIFT_OPTIMIZATION_LEVEL = "-O";
			};
			name = Release;
		};
		DA87FC0E2679D7C500E6D32D /* Debug */ = {
			isa = XCBuildConfiguration;
			buildSettings = {
				ASSETCATALOG_COMPILER_APPICON_NAME = AppIcon;
				ASSETCATALOG_COMPILER_GLOBAL_ACCENT_COLOR_NAME = AccentColor;
				CODE_SIGN_STYLE = Automatic;
				DEVELOPMENT_TEAM = QA3826D2TA;
				ENABLE_PREVIEWS = YES;
				INFOPLIST_FILE = iOS/Info.plist;
				IPHONEOS_DEPLOYMENT_TARGET = 14.0;
				LD_RUNPATH_SEARCH_PATHS = (
					"$(inherited)",
					"@executable_path/Frameworks",
				);
				PRODUCT_BUNDLE_IDENTIFIER = "com.pwablito.Net-Tools";
				PRODUCT_NAME = "Net Tools";
				SDKROOT = iphoneos;
				SWIFT_VERSION = 5.0;
				TARGETED_DEVICE_FAMILY = "1,2";
			};
			name = Debug;
		};
		DA87FC0F2679D7C500E6D32D /* Release */ = {
			isa = XCBuildConfiguration;
			buildSettings = {
				ASSETCATALOG_COMPILER_APPICON_NAME = AppIcon;
				ASSETCATALOG_COMPILER_GLOBAL_ACCENT_COLOR_NAME = AccentColor;
				CODE_SIGN_STYLE = Automatic;
				DEVELOPMENT_TEAM = QA3826D2TA;
				ENABLE_PREVIEWS = YES;
				INFOPLIST_FILE = iOS/Info.plist;
				IPHONEOS_DEPLOYMENT_TARGET = 14.0;
				LD_RUNPATH_SEARCH_PATHS = (
					"$(inherited)",
					"@executable_path/Frameworks",
				);
				PRODUCT_BUNDLE_IDENTIFIER = "com.pwablito.Net-Tools";
				PRODUCT_NAME = "Net Tools";
				SDKROOT = iphoneos;
				SWIFT_VERSION = 5.0;
				TARGETED_DEVICE_FAMILY = "1,2";
				VALIDATE_PRODUCT = YES;
			};
			name = Release;
		};
		DA87FC112679D7C500E6D32D /* Debug */ = {
			isa = XCBuildConfiguration;
			buildSettings = {
				ASSETCATALOG_COMPILER_APPICON_NAME = AppIcon;
				ASSETCATALOG_COMPILER_GLOBAL_ACCENT_COLOR_NAME = AccentColor;
				CODE_SIGN_ENTITLEMENTS = macOS/macOS.entitlements;
				CODE_SIGN_STYLE = Automatic;
				COMBINE_HIDPI_IMAGES = YES;
				DEVELOPMENT_TEAM = QA3826D2TA;
				ENABLE_HARDENED_RUNTIME = YES;
				ENABLE_PREVIEWS = YES;
				INFOPLIST_FILE = macOS/Info.plist;
				LD_RUNPATH_SEARCH_PATHS = (
					"$(inherited)",
					"@executable_path/../Frameworks",
				);
				MACOSX_DEPLOYMENT_TARGET = 11.0;
				PRODUCT_BUNDLE_IDENTIFIER = "com.pwablito.Net-Tools";
				PRODUCT_NAME = "Net Tools";
				SDKROOT = macosx;
				SWIFT_VERSION = 5.0;
			};
			name = Debug;
		};
		DA87FC122679D7C500E6D32D /* Release */ = {
			isa = XCBuildConfiguration;
			buildSettings = {
				ASSETCATALOG_COMPILER_APPICON_NAME = AppIcon;
				ASSETCATALOG_COMPILER_GLOBAL_ACCENT_COLOR_NAME = AccentColor;
				CODE_SIGN_ENTITLEMENTS = macOS/macOS.entitlements;
				CODE_SIGN_STYLE = Automatic;
				COMBINE_HIDPI_IMAGES = YES;
				DEVELOPMENT_TEAM = QA3826D2TA;
				ENABLE_HARDENED_RUNTIME = YES;
				ENABLE_PREVIEWS = YES;
				INFOPLIST_FILE = macOS/Info.plist;
				LD_RUNPATH_SEARCH_PATHS = (
					"$(inherited)",
					"@executable_path/../Frameworks",
				);
				MACOSX_DEPLOYMENT_TARGET = 11.0;
				PRODUCT_BUNDLE_IDENTIFIER = "com.pwablito.Net-Tools";
				PRODUCT_NAME = "Net Tools";
				SDKROOT = macosx;
				SWIFT_VERSION = 5.0;
			};
			name = Release;
		};
		DA87FC142679D7C500E6D32D /* Debug */ = {
			isa = XCBuildConfiguration;
			buildSettings = {
				ALWAYS_EMBED_SWIFT_STANDARD_LIBRARIES = YES;
				CODE_SIGN_STYLE = Automatic;
				DEVELOPMENT_TEAM = QA3826D2TA;
				INFOPLIST_FILE = "Tests iOS/Info.plist";
				IPHONEOS_DEPLOYMENT_TARGET = 14.5;
				LD_RUNPATH_SEARCH_PATHS = (
					"$(inherited)",
					"@executable_path/Frameworks",
					"@loader_path/Frameworks",
				);
				PRODUCT_BUNDLE_IDENTIFIER = "com.pwablito.Tests-iOS";
				PRODUCT_NAME = "$(TARGET_NAME)";
				SDKROOT = iphoneos;
				SWIFT_VERSION = 5.0;
				TARGETED_DEVICE_FAMILY = "1,2";
				TEST_TARGET_NAME = "Net Tools (iOS)";
			};
			name = Debug;
		};
		DA87FC152679D7C500E6D32D /* Release */ = {
			isa = XCBuildConfiguration;
			buildSettings = {
				ALWAYS_EMBED_SWIFT_STANDARD_LIBRARIES = YES;
				CODE_SIGN_STYLE = Automatic;
				DEVELOPMENT_TEAM = QA3826D2TA;
				INFOPLIST_FILE = "Tests iOS/Info.plist";
				IPHONEOS_DEPLOYMENT_TARGET = 14.5;
				LD_RUNPATH_SEARCH_PATHS = (
					"$(inherited)",
					"@executable_path/Frameworks",
					"@loader_path/Frameworks",
				);
				PRODUCT_BUNDLE_IDENTIFIER = "com.pwablito.Tests-iOS";
				PRODUCT_NAME = "$(TARGET_NAME)";
				SDKROOT = iphoneos;
				SWIFT_VERSION = 5.0;
				TARGETED_DEVICE_FAMILY = "1,2";
				TEST_TARGET_NAME = "Net Tools (iOS)";
				VALIDATE_PRODUCT = YES;
			};
			name = Release;
		};
		DA87FC172679D7C500E6D32D /* Debug */ = {
			isa = XCBuildConfiguration;
			buildSettings = {
				ALWAYS_EMBED_SWIFT_STANDARD_LIBRARIES = YES;
				CODE_SIGN_STYLE = Automatic;
				COMBINE_HIDPI_IMAGES = YES;
				DEVELOPMENT_TEAM = QA3826D2TA;
				INFOPLIST_FILE = "Tests macOS/Info.plist";
				LD_RUNPATH_SEARCH_PATHS = (
					"$(inherited)",
					"@executable_path/../Frameworks",
					"@loader_path/../Frameworks",
				);
				MACOSX_DEPLOYMENT_TARGET = 11.3;
				PRODUCT_BUNDLE_IDENTIFIER = "com.pwablito.Tests-macOS";
				PRODUCT_NAME = "$(TARGET_NAME)";
				SDKROOT = macosx;
				SWIFT_VERSION = 5.0;
				TEST_TARGET_NAME = "Net Tools (macOS)";
			};
			name = Debug;
		};
		DA87FC182679D7C500E6D32D /* Release */ = {
			isa = XCBuildConfiguration;
			buildSettings = {
				ALWAYS_EMBED_SWIFT_STANDARD_LIBRARIES = YES;
				CODE_SIGN_STYLE = Automatic;
				COMBINE_HIDPI_IMAGES = YES;
				DEVELOPMENT_TEAM = QA3826D2TA;
				INFOPLIST_FILE = "Tests macOS/Info.plist";
				LD_RUNPATH_SEARCH_PATHS = (
					"$(inherited)",
					"@executable_path/../Frameworks",
					"@loader_path/../Frameworks",
				);
				MACOSX_DEPLOYMENT_TARGET = 11.3;
				PRODUCT_BUNDLE_IDENTIFIER = "com.pwablito.Tests-macOS";
				PRODUCT_NAME = "$(TARGET_NAME)";
				SDKROOT = macosx;
				SWIFT_VERSION = 5.0;
				TEST_TARGET_NAME = "Net Tools (macOS)";
			};
			name = Release;
		};
/* End XCBuildConfiguration section */

/* Begin XCConfigurationList section */
		DA87FBDA2679D7C400E6D32D /* Build configuration list for PBXProject "Net Tools" */ = {
			isa = XCConfigurationList;
			buildConfigurations = (
				DA87FC0B2679D7C500E6D32D /* Debug */,
				DA87FC0C2679D7C500E6D32D /* Release */,
			);
			defaultConfigurationIsVisible = 0;
			defaultConfigurationName = Release;
		};
		DA87FC0D2679D7C500E6D32D /* Build configuration list for PBXNativeTarget "Net Tools (iOS)" */ = {
			isa = XCConfigurationList;
			buildConfigurations = (
				DA87FC0E2679D7C500E6D32D /* Debug */,
				DA87FC0F2679D7C500E6D32D /* Release */,
			);
			defaultConfigurationIsVisible = 0;
			defaultConfigurationName = Release;
		};
		DA87FC102679D7C500E6D32D /* Build configuration list for PBXNativeTarget "Net Tools (macOS)" */ = {
			isa = XCConfigurationList;
			buildConfigurations = (
				DA87FC112679D7C500E6D32D /* Debug */,
				DA87FC122679D7C500E6D32D /* Release */,
			);
			defaultConfigurationIsVisible = 0;
			defaultConfigurationName = Release;
		};
		DA87FC132679D7C500E6D32D /* Build configuration list for PBXNativeTarget "Tests iOS" */ = {
			isa = XCConfigurationList;
			buildConfigurations = (
				DA87FC142679D7C500E6D32D /* Debug */,
				DA87FC152679D7C500E6D32D /* Release */,
			);
			defaultConfigurationIsVisible = 0;
			defaultConfigurationName = Release;
		};
		DA87FC162679D7C500E6D32D /* Build configuration list for PBXNativeTarget "Tests macOS" */ = {
			isa = XCConfigurationList;
			buildConfigurations = (
				DA87FC172679D7C500E6D32D /* Debug */,
				DA87FC182679D7C500E6D32D /* Release */,
			);
			defaultConfigurationIsVisible = 0;
			defaultConfigurationName = Release;
		};
/* End XCConfigurationList section */
	};
	rootObject = DA87FBD72679D7C400E6D32D /* Project object */;
}
